// !$*UTF8*$!
{
	archiveVersion = 1;
	classes = {
	};
	objectVersion = 55;
	objects = {

/* Begin PBXBuildFile section */
		698B26F927ADAF5500BCEFDF /* AppDelegate.swift in Sources */ = {isa = PBXBuildFile; fileRef = 698B26F827ADAF5500BCEFDF /* AppDelegate.swift */; };
		698B26FB27ADAF5500BCEFDF /* SceneDelegate.swift in Sources */ = {isa = PBXBuildFile; fileRef = 698B26FA27ADAF5500BCEFDF /* SceneDelegate.swift */; };
		698B26FD27ADAF5500BCEFDF /* ViewController.swift in Sources */ = {isa = PBXBuildFile; fileRef = 698B26FC27ADAF5500BCEFDF /* ViewController.swift */; };
		698B270027ADAF5500BCEFDF /* Main.storyboard in Resources */ = {isa = PBXBuildFile; fileRef = 698B26FE27ADAF5500BCEFDF /* Main.storyboard */; };
		698B270227ADAF5B00BCEFDF /* Assets.xcassets in Resources */ = {isa = PBXBuildFile; fileRef = 698B270127ADAF5B00BCEFDF /* Assets.xcassets */; };
		698B270527ADAF5B00BCEFDF /* LaunchScreen.storyboard in Resources */ = {isa = PBXBuildFile; fileRef = 698B270327ADAF5B00BCEFDF /* LaunchScreen.storyboard */; };
		698B271027ADAF5C00BCEFDF /* PreworkTests.swift in Sources */ = {isa = PBXBuildFile; fileRef = 698B270F27ADAF5C00BCEFDF /* PreworkTests.swift */; };
		698B271A27ADAF5C00BCEFDF /* PreworkUITests.swift in Sources */ = {isa = PBXBuildFile; fileRef = 698B271927ADAF5C00BCEFDF /* PreworkUITests.swift */; };
		698B271C27ADAF5C00BCEFDF /* PreworkUITestsLaunchTests.swift in Sources */ = {isa = PBXBuildFile; fileRef = 698B271B27ADAF5C00BCEFDF /* PreworkUITestsLaunchTests.swift */; };
/* End PBXBuildFile section */

/* Begin PBXContainerItemProxy section */
		698B270C27ADAF5C00BCEFDF /* PBXContainerItemProxy */ = {
			isa = PBXContainerItemProxy;
			containerPortal = 698B26ED27ADAF5500BCEFDF /* Project object */;
			proxyType = 1;
			remoteGlobalIDString = 698B26F427ADAF5500BCEFDF;
			remoteInfo = Prework;
		};
		698B271627ADAF5C00BCEFDF /* PBXContainerItemProxy */ = {
			isa = PBXContainerItemProxy;
			containerPortal = 698B26ED27ADAF5500BCEFDF /* Project object */;
			proxyType = 1;
			remoteGlobalIDString = 698B26F427ADAF5500BCEFDF;
			remoteInfo = Prework;
		};
/* End PBXContainerItemProxy section */

/* Begin PBXFileReference section */
		698B26F527ADAF5500BCEFDF /* Prework.app */ = {isa = PBXFileReference; explicitFileType = wrapper.application; includeInIndex = 0; path = Prework.app; sourceTree = BUILT_PRODUCTS_DIR; };
		698B26F827ADAF5500BCEFDF /* AppDelegate.swift */ = {isa = PBXFileReference; lastKnownFileType = sourcecode.swift; path = AppDelegate.swift; sourceTree = "<group>"; };
		698B26FA27ADAF5500BCEFDF /* SceneDelegate.swift */ = {isa = PBXFileReference; lastKnownFileType = sourcecode.swift; path = SceneDelegate.swift; sourceTree = "<group>"; };
		698B26FC27ADAF5500BCEFDF /* ViewController.swift */ = {isa = PBXFileReference; lastKnownFileType = sourcecode.swift; path = ViewController.swift; sourceTree = "<group>"; };
		698B26FF27ADAF5500BCEFDF /* Base */ = {isa = PBXFileReference; lastKnownFileType = file.storyboard; name = Base; path = Base.lproj/Main.storyboard; sourceTree = "<group>"; };
		698B270127ADAF5B00BCEFDF /* Assets.xcassets */ = {isa = PBXFileReference; lastKnownFileType = folder.assetcatalog; path = Assets.xcassets; sourceTree = "<group>"; };
		698B270427ADAF5B00BCEFDF /* Base */ = {isa = PBXFileReference; lastKnownFileType = file.storyboard; name = Base; path = Base.lproj/LaunchScreen.storyboard; sourceTree = "<group>"; };
		698B270627ADAF5B00BCEFDF /* Info.plist */ = {isa = PBXFileReference; lastKnownFileType = text.plist.xml; path = Info.plist; sourceTree = "<group>"; };
		698B270B27ADAF5C00BCEFDF /* PreworkTests.xctest */ = {isa = PBXFileReference; explicitFileType = wrapper.cfbundle; includeInIndex = 0; path = PreworkTests.xctest; sourceTree = BUILT_PRODUCTS_DIR; };
		698B270F27ADAF5C00BCEFDF /* PreworkTests.swift */ = {isa = PBXFileReference; lastKnownFileType = sourcecode.swift; path = PreworkTests.swift; sourceTree = "<group>"; };
		698B271527ADAF5C00BCEFDF /* PreworkUITests.xctest */ = {isa = PBXFileReference; explicitFileType = wrapper.cfbundle; includeInIndex = 0; path = PreworkUITests.xctest; sourceTree = BUILT_PRODUCTS_DIR; };
		698B271927ADAF5C00BCEFDF /* PreworkUITests.swift */ = {isa = PBXFileReference; lastKnownFileType = sourcecode.swift; path = PreworkUITests.swift; sourceTree = "<group>"; };
		698B271B27ADAF5C00BCEFDF /* PreworkUITestsLaunchTests.swift */ = {isa = PBXFileReference; lastKnownFileType = sourcecode.swift; path = PreworkUITestsLaunchTests.swift; sourceTree = "<group>"; };
/* End PBXFileReference section */

/* Begin PBXFrameworksBuildPhase section */
		698B26F227ADAF5500BCEFDF /* Frameworks */ = {
			isa = PBXFrameworksBuildPhase;
			buildActionMask = 2147483647;
			files = (
			);
			runOnlyForDeploymentPostprocessing = 0;
		};
		698B270827ADAF5C00BCEFDF /* Frameworks */ = {
			isa = PBXFrameworksBuildPhase;
			buildActionMask = 2147483647;
			files = (
			);
			runOnlyForDeploymentPostprocessing = 0;
		};
		698B271227ADAF5C00BCEFDF /* Frameworks */ = {
			isa = PBXFrameworksBuildPhase;
			buildActionMask = 2147483647;
			files = (
			);
			runOnlyForDeploymentPostprocessing = 0;
		};
/* End PBXFrameworksBuildPhase section */

/* Begin PBXGroup section */
		698B26EC27ADAF5500BCEFDF = {
			isa = PBXGroup;
			children = (
				698B26F727ADAF5500BCEFDF /* Prework */,
				698B270E27ADAF5C00BCEFDF /* PreworkTests */,
				698B271827ADAF5C00BCEFDF /* PreworkUITests */,
				698B26F627ADAF5500BCEFDF /* Products */,
			);
			sourceTree = "<group>";
		};
		698B26F627ADAF5500BCEFDF /* Products */ = {
			isa = PBXGroup;
			children = (
				698B26F527ADAF5500BCEFDF /* Prework.app */,
				698B270B27ADAF5C00BCEFDF /* PreworkTests.xctest */,
				698B271527ADAF5C00BCEFDF /* PreworkUITests.xctest */,
			);
			name = Products;
			sourceTree = "<group>";
		};
		698B26F727ADAF5500BCEFDF /* Prework */ = {
			isa = PBXGroup;
			children = (
				698B26F827ADAF5500BCEFDF /* AppDelegate.swift */,
				698B26FA27ADAF5500BCEFDF /* SceneDelegate.swift */,
				698B26FC27ADAF5500BCEFDF /* ViewController.swift */,
				698B26FE27ADAF5500BCEFDF /* Main.storyboard */,
				698B270127ADAF5B00BCEFDF /* Assets.xcassets */,
				698B270327ADAF5B00BCEFDF /* LaunchScreen.storyboard */,
				698B270627ADAF5B00BCEFDF /* Info.plist */,
			);
			path = Prework;
			sourceTree = "<group>";
		};
		698B270E27ADAF5C00BCEFDF /* PreworkTests */ = {
			isa = PBXGroup;
			children = (
				698B270F27ADAF5C00BCEFDF /* PreworkTests.swift */,
			);
			path = PreworkTests;
			sourceTree = "<group>";
		};
		698B271827ADAF5C00BCEFDF /* PreworkUITests */ = {
			isa = PBXGroup;
			children = (
				698B271927ADAF5C00BCEFDF /* PreworkUITests.swift */,
				698B271B27ADAF5C00BCEFDF /* PreworkUITestsLaunchTests.swift */,
			);
			path = PreworkUITests;
			sourceTree = "<group>";
		};
/* End PBXGroup section */

/* Begin PBXNativeTarget section */
		698B26F427ADAF5500BCEFDF /* Prework */ = {
			isa = PBXNativeTarget;
			buildConfigurationList = 698B271F27ADAF5C00BCEFDF /* Build configuration list for PBXNativeTarget "Prework" */;
			buildPhases = (
				698B26F127ADAF5500BCEFDF /* Sources */,
				698B26F227ADAF5500BCEFDF /* Frameworks */,
				698B26F327ADAF5500BCEFDF /* Resources */,
			);
			buildRules = (
			);
			dependencies = (
			);
			name = Prework;
			productName = Prework;
			productReference = 698B26F527ADAF5500BCEFDF /* Prework.app */;
			productType = "com.apple.product-type.application";
		};
		698B270A27ADAF5C00BCEFDF /* PreworkTests */ = {
			isa = PBXNativeTarget;
			buildConfigurationList = 698B272227ADAF5D00BCEFDF /* Build configuration list for PBXNativeTarget "PreworkTests" */;
			buildPhases = (
				698B270727ADAF5C00BCEFDF /* Sources */,
				698B270827ADAF5C00BCEFDF /* Frameworks */,
				698B270927ADAF5C00BCEFDF /* Resources */,
			);
			buildRules = (
			);
			dependencies = (
				698B270D27ADAF5C00BCEFDF /* PBXTargetDependency */,
			);
			name = PreworkTests;
			productName = PreworkTests;
			productReference = 698B270B27ADAF5C00BCEFDF /* PreworkTests.xctest */;
			productType = "com.apple.product-type.bundle.unit-test";
		};
		698B271427ADAF5C00BCEFDF /* PreworkUITests */ = {
			isa = PBXNativeTarget;
			buildConfigurationList = 698B272527ADAF5D00BCEFDF /* Build configuration list for PBXNativeTarget "PreworkUITests" */;
			buildPhases = (
				698B271127ADAF5C00BCEFDF /* Sources */,
				698B271227ADAF5C00BCEFDF /* Frameworks */,
				698B271327ADAF5C00BCEFDF /* Resources */,
			);
			buildRules = (
			);
			dependencies = (
				698B271727ADAF5C00BCEFDF /* PBXTargetDependency */,
			);
			name = PreworkUITests;
			productName = PreworkUITests;
			productReference = 698B271527ADAF5C00BCEFDF /* PreworkUITests.xctest */;
			productType = "com.apple.product-type.bundle.ui-testing";
		};
/* End PBXNativeTarget section */

/* Begin PBXProject section */
		698B26ED27ADAF5500BCEFDF /* Project object */ = {
			isa = PBXProject;
			attributes = {
				BuildIndependentTargetsInParallel = 1;
				LastSwiftUpdateCheck = 1320;
				LastUpgradeCheck = 1320;
				TargetAttributes = {
					698B26F427ADAF5500BCEFDF = {
						CreatedOnToolsVersion = 13.2.1;
					};
					698B270A27ADAF5C00BCEFDF = {
						CreatedOnToolsVersion = 13.2.1;
						TestTargetID = 698B26F427ADAF5500BCEFDF;
					};
					698B271427ADAF5C00BCEFDF = {
						CreatedOnToolsVersion = 13.2.1;
						TestTargetID = 698B26F427ADAF5500BCEFDF;
					};
				};
			};
			buildConfigurationList = 698B26F027ADAF5500BCEFDF /* Build configuration list for PBXProject "Prework" */;
			compatibilityVersion = "Xcode 13.0";
			developmentRegion = en;
			hasScannedForEncodings = 0;
			knownRegions = (
				en,
				Base,
			);
			mainGroup = 698B26EC27ADAF5500BCEFDF;
			productRefGroup = 698B26F627ADAF5500BCEFDF /* Products */;
			projectDirPath = "";
			projectRoot = "";
			targets = (
				698B26F427ADAF5500BCEFDF /* Prework */,
				698B270A27ADAF5C00BCEFDF /* PreworkTests */,
				698B271427ADAF5C00BCEFDF /* PreworkUITests */,
			);
		};
/* End PBXProject section */

/* Begin PBXResourcesBuildPhase section */
		698B26F327ADAF5500BCEFDF /* Resources */ = {
			isa = PBXResourcesBuildPhase;
			buildActionMask = 2147483647;
			files = (
				698B270527ADAF5B00BCEFDF /* LaunchScreen.storyboard in Resources */,
				698B270227ADAF5B00BCEFDF /* Assets.xcassets in Resources */,
				698B270027ADAF5500BCEFDF /* Main.storyboard in Resources */,
			);
			runOnlyForDeploymentPostprocessing = 0;
		};
		698B270927ADAF5C00BCEFDF /* Resources */ = {
			isa = PBXResourcesBuildPhase;
			buildActionMask = 2147483647;
			files = (
			);
			runOnlyForDeploymentPostprocessing = 0;
		};
		698B271327ADAF5C00BCEFDF /* Resources */ = {
			isa = PBXResourcesBuildPhase;
			buildActionMask = 2147483647;
			files = (
			);
			runOnlyForDeploymentPostprocessing = 0;
		};
/* End PBXResourcesBuildPhase section */

/* Begin PBXSourcesBuildPhase section */
		698B26F127ADAF5500BCEFDF /* Sources */ = {
			isa = PBXSourcesBuildPhase;
			buildActionMask = 2147483647;
			files = (
				698B26FD27ADAF5500BCEFDF /* ViewController.swift in Sources */,
				698B26F927ADAF5500BCEFDF /* AppDelegate.swift in Sources */,
				698B26FB27ADAF5500BCEFDF /* SceneDelegate.swift in Sources */,
			);
			runOnlyForDeploymentPostprocessing = 0;
		};
		698B270727ADAF5C00BCEFDF /* Sources */ = {
			isa = PBXSourcesBuildPhase;
			buildActionMask = 2147483647;
			files = (
				698B271027ADAF5C00BCEFDF /* PreworkTests.swift in Sources */,
			);
			runOnlyForDeploymentPostprocessing = 0;
		};
		698B271127ADAF5C00BCEFDF /* Sources */ = {
			isa = PBXSourcesBuildPhase;
			buildActionMask = 2147483647;
			files = (
				698B271A27ADAF5C00BCEFDF /* PreworkUITests.swift in Sources */,
				698B271C27ADAF5C00BCEFDF /* PreworkUITestsLaunchTests.swift in Sources */,
			);
			runOnlyForDeploymentPostprocessing = 0;
		};
/* End PBXSourcesBuildPhase section */

/* Begin PBXTargetDependency section */
		698B270D27ADAF5C00BCEFDF /* PBXTargetDependency */ = {
			isa = PBXTargetDependency;
			target = 698B26F427ADAF5500BCEFDF /* Prework */;
			targetProxy = 698B270C27ADAF5C00BCEFDF /* PBXContainerItemProxy */;
		};
		698B271727ADAF5C00BCEFDF /* PBXTargetDependency */ = {
			isa = PBXTargetDependency;
			target = 698B26F427ADAF5500BCEFDF /* Prework */;
			targetProxy = 698B271627ADAF5C00BCEFDF /* PBXContainerItemProxy */;
		};
/* End PBXTargetDependency section */

/* Begin PBXVariantGroup section */
		698B26FE27ADAF5500BCEFDF /* Main.storyboard */ = {
			isa = PBXVariantGroup;
			children = (
				698B26FF27ADAF5500BCEFDF /* Base */,
			);
			name = Main.storyboard;
			sourceTree = "<group>";
		};
		698B270327ADAF5B00BCEFDF /* LaunchScreen.storyboard */ = {
			isa = PBXVariantGroup;
			children = (
				698B270427ADAF5B00BCEFDF /* Base */,
			);
			name = LaunchScreen.storyboard;
			sourceTree = "<group>";
		};
/* End PBXVariantGroup section */

/* Begin XCBuildConfiguration section */
		698B271D27ADAF5C00BCEFDF /* Debug */ = {
			isa = XCBuildConfiguration;
			buildSettings = {
				ALWAYS_SEARCH_USER_PATHS = NO;
				CLANG_ANALYZER_NONNULL = YES;
				CLANG_ANALYZER_NUMBER_OBJECT_CONVERSION = YES_AGGRESSIVE;
				CLANG_CXX_LANGUAGE_STANDARD = "gnu++17";
				CLANG_CXX_LIBRARY = "libc++";
				CLANG_ENABLE_MODULES = YES;
				CLANG_ENABLE_OBJC_ARC = YES;
				CLANG_ENABLE_OBJC_WEAK = YES;
				CLANG_WARN_BLOCK_CAPTURE_AUTORELEASING = YES;
				CLANG_WARN_BOOL_CONVERSION = YES;
				CLANG_WARN_COMMA = YES;
				CLANG_WARN_CONSTANT_CONVERSION = YES;
				CLANG_WARN_DEPRECATED_OBJC_IMPLEMENTATIONS = YES;
				CLANG_WARN_DIRECT_OBJC_ISA_USAGE = YES_ERROR;
				CLANG_WARN_DOCUMENTATION_COMMENTS = YES;
				CLANG_WARN_EMPTY_BODY = YES;
				CLANG_WARN_ENUM_CONVERSION = YES;
				CLANG_WARN_INFINITE_RECURSION = YES;
				CLANG_WARN_INT_CONVERSION = YES;
				CLANG_WARN_NON_LITERAL_NULL_CONVERSION = YES;
				CLANG_WARN_OBJC_IMPLICIT_RETAIN_SELF = YES;
				CLANG_WARN_OBJC_LITERAL_CONVERSION = YES;
				CLANG_WARN_OBJC_ROOT_CLASS = YES_ERROR;
				CLANG_WARN_QUOTED_INCLUDE_IN_FRAMEWORK_HEADER = YES;
				CLANG_WARN_RANGE_LOOP_ANALYSIS = YES;
				CLANG_WARN_STRICT_PROTOTYPES = YES;
				CLANG_WARN_SUSPICIOUS_MOVE = YES;
				CLANG_WARN_UNGUARDED_AVAILABILITY = YES_AGGRESSIVE;
				CLANG_WARN_UNREACHABLE_CODE = YES;
				CLANG_WARN__DUPLICATE_METHOD_MATCH = YES;
				COPY_PHASE_STRIP = NO;
				DEBUG_INFORMATION_FORMAT = dwarf;
				ENABLE_STRICT_OBJC_MSGSEND = YES;
				ENABLE_TESTABILITY = YES;
				GCC_C_LANGUAGE_STANDARD = gnu11;
				GCC_DYNAMIC_NO_PIC = NO;
				GCC_NO_COMMON_BLOCKS = YES;
				GCC_OPTIMIZATION_LEVEL = 0;
				GCC_PREPROCESSOR_DEFINITIONS = (
					"DEBUG=1",
					"$(inherited)",
				);
				GCC_WARN_64_TO_32_BIT_CONVERSION = YES;
				GCC_WARN_ABOUT_RETURN_TYPE = YES_ERROR;
				GCC_WARN_UNDECLARED_SELECTOR = YES;
				GCC_WARN_UNINITIALIZED_AUTOS = YES_AGGRESSIVE;
				GCC_WARN_UNUSED_FUNCTION = YES;
				GCC_WARN_UNUSED_VARIABLE = YES;
				IPHONEOS_DEPLOYMENT_TARGET = 15.2;
				MTL_ENABLE_DEBUG_INFO = INCLUDE_SOURCE;
				MTL_FAST_MATH = YES;
				ONLY_ACTIVE_ARCH = YES;
				SDKROOT = iphoneos;
				SWIFT_ACTIVE_COMPILATION_CONDITIONS = DEBUG;
				SWIFT_OPTIMIZATION_LEVEL = "-Onone";
			};
			name = Debug;
		};
		698B271E27ADAF5C00BCEFDF /* Release */ = {
			isa = XCBuildConfiguration;
			buildSettings = {
				ALWAYS_SEARCH_USER_PATHS = NO;
				CLANG_ANALYZER_NONNULL = YES;
				CLANG_ANALYZER_NUMBER_OBJECT_CONVERSION = YES_AGGRESSIVE;
				CLANG_CXX_LANGUAGE_STANDARD = "gnu++17";
				CLANG_CXX_LIBRARY = "libc++";
				CLANG_ENABLE_MODULES = YES;
				CLANG_ENABLE_OBJC_ARC = YES;
				CLANG_ENABLE_OBJC_WEAK = YES;
				CLANG_WARN_BLOCK_CAPTURE_AUTORELEASING = YES;
				CLANG_WARN_BOOL_CONVERSION = YES;
				CLANG_WARN_COMMA = YES;
				CLANG_WARN_CONSTANT_CONVERSION = YES;
				CLANG_WARN_DEPRECATED_OBJC_IMPLEMENTATIONS = YES;
				CLANG_WARN_DIRECT_OBJC_ISA_USAGE = YES_ERROR;
				CLANG_WARN_DOCUMENTATION_COMMENTS = YES;
				CLANG_WARN_EMPTY_BODY = YES;
				CLANG_WARN_ENUM_CONVERSION = YES;
				CLANG_WARN_INFINITE_RECURSION = YES;
				CLANG_WARN_INT_CONVERSION = YES;
				CLANG_WARN_NON_LITERAL_NULL_CONVERSION = YES;
				CLANG_WARN_OBJC_IMPLICIT_RETAIN_SELF = YES;
				CLANG_WARN_OBJC_LITERAL_CONVERSION = YES;
				CLANG_WARN_OBJC_ROOT_CLASS = YES_ERROR;
				CLANG_WARN_QUOTED_INCLUDE_IN_FRAMEWORK_HEADER = YES;
				CLANG_WARN_RANGE_LOOP_ANALYSIS = YES;
				CLANG_WARN_STRICT_PROTOTYPES = YES;
				CLANG_WARN_SUSPICIOUS_MOVE = YES;
				CLANG_WARN_UNGUARDED_AVAILABILITY = YES_AGGRESSIVE;
				CLANG_WARN_UNREACHABLE_CODE = YES;
				CLANG_WARN__DUPLICATE_METHOD_MATCH = YES;
				COPY_PHASE_STRIP = NO;
				DEBUG_INFORMATION_FORMAT = "dwarf-with-dsym";
				ENABLE_NS_ASSERTIONS = NO;
				ENABLE_STRICT_OBJC_MSGSEND = YES;
				GCC_C_LANGUAGE_STANDARD = gnu11;
				GCC_NO_COMMON_BLOCKS = YES;
				GCC_WARN_64_TO_32_BIT_CONVERSION = YES;
				GCC_WARN_ABOUT_RETURN_TYPE = YES_ERROR;
				GCC_WARN_UNDECLARED_SELECTOR = YES;
				GCC_WARN_UNINITIALIZED_AUTOS = YES_AGGRESSIVE;
				GCC_WARN_UNUSED_FUNCTION = YES;
				GCC_WARN_UNUSED_VARIABLE = YES;
				IPHONEOS_DEPLOYMENT_TARGET = 15.2;
				MTL_ENABLE_DEBUG_INFO = NO;
				MTL_FAST_MATH = YES;
				SDKROOT = iphoneos;
				SWIFT_COMPILATION_MODE = wholemodule;
				SWIFT_OPTIMIZATION_LEVEL = "-O";
				VALIDATE_PRODUCT = YES;
			};
			name = Release;
		};
		698B272027ADAF5C00BCEFDF /* Debug */ = {
			isa = XCBuildConfiguration;
			buildSettings = {
				ASSETCATALOG_COMPILER_APPICON_NAME = AppIcon;
				ASSETCATALOG_COMPILER_GLOBAL_ACCENT_COLOR_NAME = AccentColor;
				CODE_SIGN_STYLE = Automatic;
				CURRENT_PROJECT_VERSION = 1;
				DEVELOPMENT_TEAM = "";
				GENERATE_INFOPLIST_FILE = YES;
				INFOPLIST_FILE = Prework/Info.plist;
				INFOPLIST_KEY_UIApplicationSupportsIndirectInputEvents = YES;
				INFOPLIST_KEY_UILaunchStoryboardName = LaunchScreen;
				INFOPLIST_KEY_UIMainStoryboardFile = Main;
				INFOPLIST_KEY_UISupportedInterfaceOrientations_iPad = "UIInterfaceOrientationPortrait UIInterfaceOrientationPortraitUpsideDown UIInterfaceOrientationLandscapeLeft UIInterfaceOrientationLandscapeRight";
				INFOPLIST_KEY_UISupportedInterfaceOrientations_iPhone = "UIInterfaceOrientationPortrait UIInterfaceOrientationLandscapeLeft UIInterfaceOrientationLandscapeRight";
				LD_RUNPATH_SEARCH_PATHS = (
					"$(inherited)",
					"@executable_path/Frameworks",
				);
				MARKETING_VERSION = 1.0;
				PRODUCT_BUNDLE_IDENTIFIER = com.LSE.Prework;
				PRODUCT_NAME = "$(TARGET_NAME)";
				SWIFT_EMIT_LOC_STRINGS = YES;
				SWIFT_VERSION = 5.0;
				TARGETED_DEVICE_FAMILY = 1;
			};
			name = Debug;
		};
		698B272127ADAF5C00BCEFDF /* Release */ = {
			isa = XCBuildConfiguration;
			buildSettings = {
				ASSETCATALOG_COMPILER_APPICON_NAME = AppIcon;
				ASSETCATALOG_COMPILER_GLOBAL_ACCENT_COLOR_NAME = AccentColor;
				CODE_SIGN_STYLE = Automatic;
				CURRENT_PROJECT_VERSION = 1;
				DEVELOPMENT_TEAM = "";
				GENERATE_INFOPLIST_FILE = YES;
				INFOPLIST_FILE = Prework/Info.plist;
				INFOPLIST_KEY_UIApplicationSupportsIndirectInputEvents = YES;
				INFOPLIST_KEY_UILaunchStoryboardName = LaunchScreen;
				INFOPLIST_KEY_UIMainStoryboardFile = Main;
				INFOPLIST_KEY_UISupportedInterfaceOrientations_iPad = "UIInterfaceOrientationPortrait UIInterfaceOrientationPortraitUpsideDown UIInterfaceOrientationLandscapeLeft UIInterfaceOrientationLandscapeRight";
				INFOPLIST_KEY_UISupportedInterfaceOrientations_iPhone = "UIInterfaceOrientationPortrait UIInterfaceOrientationLandscapeLeft UIInterfaceOrientationLandscapeRight";
				LD_RUNPATH_SEARCH_PATHS = (
					"$(inherited)",
					"@executable_path/Frameworks",
				);
				MARKETING_VERSION = 1.0;
				PRODUCT_BUNDLE_IDENTIFIER = com.LSE.Prework;
				PRODUCT_NAME = "$(TARGET_NAME)";
				SWIFT_EMIT_LOC_STRINGS = YES;
				SWIFT_VERSION = 5.0;
				TARGETED_DEVICE_FAMILY = 1;
			};
			name = Release;
		};
		698B272327ADAF5D00BCEFDF /* Debug */ = {
			isa = XCBuildConfiguration;
			buildSettings = {
				ALWAYS_EMBED_SWIFT_STANDARD_LIBRARIES = YES;
				BUNDLE_LOADER = "$(TEST_HOST)";
				CODE_SIGN_STYLE = Automatic;
				CURRENT_PROJECT_VERSION = 1;
				GENERATE_INFOPLIST_FILE = YES;
				IPHONEOS_DEPLOYMENT_TARGET = 15.2;
				MARKETING_VERSION = 1.0;
				PRODUCT_BUNDLE_IDENTIFIER = com.LSE.PreworkTests;
				PRODUCT_NAME = "$(TARGET_NAME)";
				SWIFT_EMIT_LOC_STRINGS = NO;
				SWIFT_VERSION = 5.0;
				TARGETED_DEVICE_FAMILY = "1,2";
				TEST_HOST = "$(BUILT_PRODUCTS_DIR)/Prework.app/Prework";
			};
			name = Debug;
		};
		698B272427ADAF5D00BCEFDF /* Release */ = {
			isa = XCBuildConfiguration;
			buildSettings = {
				ALWAYS_EMBED_SWIFT_STANDARD_LIBRARIES = YES;
				BUNDLE_LOADER = "$(TEST_HOST)";
				CODE_SIGN_STYLE = Automatic;
				CURRENT_PROJECT_VERSION = 1;
				GENERATE_INFOPLIST_FILE = YES;
				IPHONEOS_DEPLOYMENT_TARGET = 15.2;
				MARKETING_VERSION = 1.0;
				PRODUCT_BUNDLE_IDENTIFIER = com.LSE.PreworkTests;
				PRODUCT_NAME = "$(TARGET_NAME)";
				SWIFT_EMIT_LOC_STRINGS = NO;
				SWIFT_VERSION = 5.0;
				TARGETED_DEVICE_FAMILY = "1,2";
				TEST_HOST = "$(BUILT_PRODUCTS_DIR)/Prework.app/Prework";
			};
			name = Release;
		};
		698B272627ADAF5D00BCEFDF /* Debug */ = {
			isa = XCBuildConfiguration;
			buildSettings = {
				ALWAYS_EMBED_SWIFT_STANDARD_LIBRARIES = YES;
				CODE_SIGN_STYLE = Automatic;
				CURRENT_PROJECT_VERSION = 1;
				GENERATE_INFOPLIST_FILE = YES;
				MARKETING_VERSION = 1.0;
				PRODUCT_BUNDLE_IDENTIFIER = com.LSE.PreworkUITests;
				PRODUCT_NAME = "$(TARGET_NAME)";
				SWIFT_EMIT_LOC_STRINGS = NO;
				SWIFT_VERSION = 5.0;
				TARGETED_DEVICE_FAMILY = "1,2";
				TEST_TARGET_NAME = Prework;
			};
			name = Debug;
		};
		698B272727ADAF5D00BCEFDF /* Release */ = {
			isa = XCBuildConfiguration;
			buildSettings = {
				ALWAYS_EMBED_SWIFT_STANDARD_LIBRARIES = YES;
				CODE_SIGN_STYLE = Automatic;
				CURRENT_PROJECT_VERSION = 1;
				GENERATE_INFOPLIST_FILE = YES;
				MARKETING_VERSION = 1.0;
				PRODUCT_BUNDLE_IDENTIFIER = com.LSE.PreworkUITests;
				PRODUCT_NAME = "$(TARGET_NAME)";
				SWIFT_EMIT_LOC_STRINGS = NO;
				SWIFT_VERSION = 5.0;
				TARGETED_DEVICE_FAMILY = "1,2";
				TEST_TARGET_NAME = Prework;
			};
			name = Release;
		};
/* End XCBuildConfiguration section */

/* Begin XCConfigurationList section */
		698B26F027ADAF5500BCEFDF /* Build configuration list for PBXProject "Prework" */ = {
			isa = XCConfigurationList;
			buildConfigurations = (
				698B271D27ADAF5C00BCEFDF /* Debug */,
				698B271E27ADAF5C00BCEFDF /* Release */,
			);
			defaultConfigurationIsVisible = 0;
			defaultConfigurationName = Release;
		};
		698B271F27ADAF5C00BCEFDF /* Build configuration list for PBXNativeTarget "Prework" */ = {
			isa = XCConfigurationList;
			buildConfigurations = (
				698B272027ADAF5C00BCEFDF /* Debug */,
				698B272127ADAF5C00BCEFDF /* Release */,
			);
			defaultConfigurationIsVisible = 0;
			defaultConfigurationName = Release;
		};
		698B272227ADAF5D00BCEFDF /* Build configuration list for PBXNativeTarget "PreworkTests" */ = {
			isa = XCConfigurationList;
			buildConfigurations = (
				698B272327ADAF5D00BCEFDF /* Debug */,
				698B272427ADAF5D00BCEFDF /* Release */,
			);
			defaultConfigurationIsVisible = 0;
			defaultConfigurationName = Release;
		};
		698B272527ADAF5D00BCEFDF /* Build configuration list for PBXNativeTarget "PreworkUITests" */ = {
			isa = XCConfigurationList;
			buildConfigurations = (
				698B272627ADAF5D00BCEFDF /* Debug */,
				698B272727ADAF5D00BCEFDF /* Release */,
			);
			defaultConfigurationIsVisible = 0;
			defaultConfigurationName = Release;
		};
/* End XCConfigurationList section */
	};
	rootObject = 698B26ED27ADAF5500BCEFDF /* Project object */;
}
